
Microsoft Visual Studio Solution File, Format Version 12.00
# Visual Studio 2017
Project("{FAE04EC0-301F-11D3-BF4B-00C04F79EFBC}") = "scrap-metal-elites", "scrap-metal-elites.csproj", "{5B400D74-BE93-20F1-CA13-32B1C49F17C9}"
EndProject
Global
	GlobalSection(SolutionConfigurationPlatforms) = preSolution
		Debug|Any CPU = Debug|Any CPU
		Release|Any CPU = Release|Any CPU
	EndGlobalSection
	GlobalSection(ProjectConfigurationPlatforms) = postSolution
		{5B400D74-BE93-20F1-CA13-32B1C49F17C9}.Debug|Any CPU.ActiveCfg = Debug|Any CPU
		{5B400D74-BE93-20F1-CA13-32B1C49F17C9}.Debug|Any CPU.Build.0 = Debug|Any CPU
		{5B400D74-BE93-20F1-CA13-32B1C49F17C9}.Release|Any CPU.ActiveCfg = Release|Any CPU
		{5B400D74-BE93-20F1-CA13-32B1C49F17C9}.Release|Any CPU.Build.0 = Release|Any CPU
	EndGlobalSection
	GlobalSection(SolutionProperties) = preSolution
		HideSolutionNode = FALSE
	EndGlobalSection
EndGlobal
